
Microsoft Visual Studio Solution File, Format Version 12.00
# Visual Studio Version 16
VisualStudioVersion = 16.0.31410.357
MinimumVisualStudioVersion = 10.0.40219.1
Project("{FAE04EC0-301F-11D3-BF4B-00C04F79EFBC}") = "MedievalOverhaulLite", "MedievalOverhaulLite.csproj", "{A13AFF2A-9165-4F33-A625-2370C71B757B}"
EndProject
Global
	GlobalSection(SolutionConfigurationPlatforms) = preSolution
		Debug|Any CPU = Debug|Any CPU
		Release|Any CPU = Release|Any CPU
	EndGlobalSection
	GlobalSection(ProjectConfigurationPlatforms) = postSolution
		{A13AFF2A-9165-4F33-A625-2370C71B757B}.Debug|Any CPU.ActiveCfg = Debug|Any CPU
		{A13AFF2A-9165-4F33-A625-2370C71B757B}.Debug|Any CPU.Build.0 = Debug|Any CPU
		{A13AFF2A-9165-4F33-A625-2370C71B757B}.Release|Any CPU.ActiveCfg = Release|Any CPU
		{A13AFF2A-9165-4F33-A625-2370C71B757B}.Release|Any CPU.Build.0 = Release|Any CPU
	EndGlobalSection
	GlobalSection(SolutionProperties) = preSolution
		HideSolutionNode = FALSE
	EndGlobalSection
	GlobalSection(ExtensibilityGlobals) = postSolution
		SolutionGuid = {AAFA6EDC-D6B3-4803-A0F1-0D36BE200829}
	EndGlobalSection
EndGlobal
